<?xml version="1.0" encoding="utf-8"?>
<Project ToolsVersion="4.0" xmlns="http://schemas.microsoft.com/developer/msbuild/2003">
  <ItemGroup>
    <Filter Include="Bell">
      <UniqueIdentifier>{4FC737F1-C7A5-4376-A066-2A32D752A2FF}</UniqueIdentifier>
      <Extensions>cpp;c;cc;cxx;def;odl;idl;hpj;bat;asm;asmx</Extensions>
    </Filter>
    <Filter Include="Test">
      <UniqueIdentifier>{93995380-89BD-4b04-88EB-625FBE52EBFB}</UniqueIdentifier>
      <Extensions>h;hh;hpp;hxx;hm;inl;inc;xsd</Extensions>
    </Filter>
    <Filter Include="Bell\Timer">
      <UniqueIdentifier>{3bba1fee-f9aa-4b26-976a-359bbbe4fd0a}</UniqueIdentifier>
    </Filter>
    <Filter Include="Bell\Logger">
      <UniqueIdentifier>{a2837ad4-8a71-463e-81a0-ae29bdffba78}</UniqueIdentifier>
    </Filter>
  </ItemGroup>
  <ItemGroup>
    <ClInclude Include="Bell\Timer\Stopwatch.hpp">
      <Filter>Bell\Timer</Filter>
    </ClInclude>
    <ClInclude Include="Bell\Logger\ILogger.hpp">
      <Filter>Bell\Logger</Filter>
    </ClInclude>
    <ClInclude Include="Bell\Logger\NullLogger.hpp">
      <Filter>Bell\Logger</Filter>
    </ClInclude>
  </ItemGroup>
</Project>